
Microsoft Visual Studio Solution File, Format Version 12.00
# Visual Studio Version 16
VisualStudioVersion = 16.0.31220.234
MinimumVisualStudioVersion = 10.0.40219.1
Project("{9A19103F-16F7-4668-BE54-9A1E7A4F7556}") = "ClassTestApp", "ClassTestApp\ClassTestApp.csproj", "{DCA36A3A-3198-4199-B4F3-8B0067748B62}"
EndProject
Project("{9A19103F-16F7-4668-BE54-9A1E7A4F7556}") = "InterfaceTestApp", "InterfaceTestApp\InterfaceTestApp.csproj", "{B212DA5A-C3E4-4DEB-885B-7B40FA86DD79}"
EndProject
Project("{9A19103F-16F7-4668-BE54-9A1E7A4F7556}") = "UsingInterfaceTestApp", "UsingInterfaceTestApp\UsingInterfaceTestApp.csproj", "{3D6DD18D-F8BF-42EB-AEB0-A0C84EF55A37}"
EndProject
Project("{9A19103F-16F7-4668-BE54-9A1E7A4F7556}") = "AbstractClassTestApp", "AbstractClassTestApp\AbstractClassTestApp.csproj", "{AA8E8737-1559-4F34-873C-D585E68216E4}"
EndProject
Project("{9A19103F-16F7-4668-BE54-9A1E7A4F7556}") = "PropertyTestApp", "PropertyTestApp\PropertyTestApp.csproj", "{39B6C7AC-601D-4E27-91B7-3C9140E1E9B8}"
EndProject
Project("{9A19103F-16F7-4668-BE54-9A1E7A4F7556}") = "ArrayTestApp", "ArrayTestApp\ArrayTestApp.csproj", "{EF3BCD59-9CCA-4647-A6F6-BED8A3AACFAB}"
EndProject
Project("{9A19103F-16F7-4668-BE54-9A1E7A4F7556}") = "ArrayClassTestApp", "ArrayClassTestApp\ArrayClassTestApp.csproj", "{2215EA6B-F917-444B-8EA1-9D7BCCBDFCDA}"
EndProject
Project("{9A19103F-16F7-4668-BE54-9A1E7A4F7556}") = "CollectionTestApp", "CollectionTestApp\CollectionTestApp.csproj", "{EABBD0BD-60BE-4EDB-A81C-4855813D2ADB}"
EndProject
Project("{9A19103F-16F7-4668-BE54-9A1E7A4F7556}") = "QueueTestAPP", "QueueTestAPP\QueueTestAPP.csproj", "{E2F33F4E-A12F-42CF-8694-DA18122D8234}"
EndProject
Project("{9A19103F-16F7-4668-BE54-9A1E7A4F7556}") = "IndexerTestApp", "IndexerTestApp\IndexerTestApp.csproj", "{27124D38-6D99-42EE-A4C8-613E020C8619}"
EndProject
Project("{9A19103F-16F7-4668-BE54-9A1E7A4F7556}") = "GenericTestApp", "GenericTestApp\GenericTestApp.csproj", "{FFC33258-50AC-42D9-84B3-1372F8429C9A}"
EndProject
Project("{9A19103F-16F7-4668-BE54-9A1E7A4F7556}") = "GenericTestApp2", "GenericTestApp2\GenericTestApp2.csproj", "{C6F0C312-186A-4776-87ED-C62732194A4E}"
EndProject
Project("{9A19103F-16F7-4668-BE54-9A1E7A4F7556}") = "GenericMyListApp", "GenericMyListApp\GenericMyListApp.csproj", "{FDAAB6B4-6873-4FE0-B59C-5C19C1FE3C05}"
EndProject
Project("{9A19103F-16F7-4668-BE54-9A1E7A4F7556}") = "GenericCollectionApp", "GenericCollectionApp\GenericCollectionApp.csproj", "{8EE45B98-82B3-4EFF-AA79-5430BB55DEBC}"
EndProject
Project("{9A19103F-16F7-4668-BE54-9A1E7A4F7556}") = "ExceptionTestApp", "ExceptionTestApp\ExceptionTestApp.csproj", "{1098DFE5-4ED7-4408-8525-FEE587B1C6AA}"
EndProject
Project("{9A19103F-16F7-4668-BE54-9A1E7A4F7556}") = "DelegateTestApp", "DelegateTestApp\DelegateTestApp.csproj", "{BA725ACC-015A-42F5-B262-1F5254D998E9}"
EndProject
Project("{9A19103F-16F7-4668-BE54-9A1E7A4F7556}") = "DelegateChainApp", "DelegateChainApp\DelegateChainApp.csproj", "{20B2E7C0-5CCA-4203-B0E6-5DF96D358B5C}"
EndProject
Project("{9A19103F-16F7-4668-BE54-9A1E7A4F7556}") = "EX13_1", "연습문제\EX13_1.csproj", "{5E69CB3B-71DA-4DE3-949F-57FDCFCCDD15}"
EndProject
Project("{9A19103F-16F7-4668-BE54-9A1E7A4F7556}") = "EventHandlerCheckApp", "EventHandlerCheckApp\EventHandlerCheckApp.csproj", "{6BFD0AC5-063F-4ADE-99A1-E9ACFECD8037}"
EndProject
Project("{9A19103F-16F7-4668-BE54-9A1E7A4F7556}") = "EventTest", "EventTest\EventTest.csproj", "{778224DA-D2B1-4501-BFE9-0479A26858B1}"
EndProject
Project("{9A19103F-16F7-4668-BE54-9A1E7A4F7556}") = "LambdaTestApp", "LambdaTestApp\LambdaTestApp.csproj", "{5DD2AE3D-CBA5-4071-9763-7525D4D57041}"
EndProject
Project("{9A19103F-16F7-4668-BE54-9A1E7A4F7556}") = "LinqTestApp", "LinqTestApp\LinqTestApp.csproj", "{8D281AAA-1D80-4A8F-B573-DB9C663865FA}"
EndProject
Project("{9A19103F-16F7-4668-BE54-9A1E7A4F7556}") = "ReflectionTestApp", "ReflectionTestApp\ReflectionTestApp.csproj", "{FC7B6A1E-D161-46FF-87F3-33709F52FFC0}"
EndProject
Project("{9A19103F-16F7-4668-BE54-9A1E7A4F7556}") = "AttributeTestApp", "AttributeTestApp\AttributeTestApp.csproj", "{0679A3BD-B1E2-47A2-BA26-809BAF4AB866}"
EndProject
Project("{9A19103F-16F7-4668-BE54-9A1E7A4F7556}") = "CalcUnitTest", "CalcUnitTest\CalcUnitTest.csproj", "{E009B519-0017-4E22-918C-05C77A0A08AE}"
	ProjectSection(ProjectDependencies) = postProject
		{0679A3BD-B1E2-47A2-BA26-809BAF4AB866} = {0679A3BD-B1E2-47A2-BA26-809BAF4AB866}
	EndProjectSection
EndProject
Project("{9A19103F-16F7-4668-BE54-9A1E7A4F7556}") = "FileDirectoryTestApp", "FileDirectoryTestApp\FileDirectoryTestApp.csproj", "{9C579137-6D85-4300-BE6C-7858BF45097A}"
EndProject
Project("{9A19103F-16F7-4668-BE54-9A1E7A4F7556}") = "NLoggerTestApp", "NLoggerTestApp\NLoggerTestApp.csproj", "{235AD931-BB88-44C1-829B-720802049C3A}"
EndProject
Project("{9A19103F-16F7-4668-BE54-9A1E7A4F7556}") = "BasicThreadTestApp", "BasicThreadTestApp\BasicThreadTestApp.csproj", "{969A75E2-F295-4768-A923-240C7C692D8C}"
EndProject
Project("{9A19103F-16F7-4668-BE54-9A1E7A4F7556}") = "WinformThreadApp", "WinformThreadApp\WinformThreadApp.csproj", "{5901A2C7-4F7B-4396-BFAC-BBA290203FA1}"
EndProject
Project("{9A19103F-16F7-4668-BE54-9A1E7A4F7556}") = "ThreadLockTestApp", "ThreadLockTestApp\ThreadLockTestApp.csproj", "{6C18F906-C64A-4F06-A247-19AC4DFB98DE}"
EndProject
Project("{9A19103F-16F7-4668-BE54-9A1E7A4F7556}") = "TaskTestApp", "TaskTestApp\TaskTestApp.csproj", "{D6D50BC5-38F2-45B9-844E-99776C838E92}"
EndProject
Project("{9A19103F-16F7-4668-BE54-9A1E7A4F7556}") = "ParallelTestApp", "ParallelTestApp\ParallelTestApp.csproj", "{5DB72352-4828-4089-A055-9A6160288CA6}"
EndProject
Project("{9A19103F-16F7-4668-BE54-9A1E7A4F7556}") = "AsyncTestApp", "AsyncTestApp\AsyncTestApp.csproj", "{16FC89AC-FCD1-4F1A-92DF-B44DE824118A}"
EndProject
Project("{FAE04EC0-301F-11D3-BF4B-00C04F79EFBC}") = "TextEditorApp", "TextEditorApp\TextEditorApp.csproj", "{EEAC5554-3308-40B1-9255-84CC646B20F3}"
EndProject
Global
	GlobalSection(SolutionConfigurationPlatforms) = preSolution
		Debug|Any CPU = Debug|Any CPU
		Release|Any CPU = Release|Any CPU
	EndGlobalSection
	GlobalSection(ProjectConfigurationPlatforms) = postSolution
		{DCA36A3A-3198-4199-B4F3-8B0067748B62}.Debug|Any CPU.ActiveCfg = Debug|Any CPU
		{DCA36A3A-3198-4199-B4F3-8B0067748B62}.Debug|Any CPU.Build.0 = Debug|Any CPU
		{DCA36A3A-3198-4199-B4F3-8B0067748B62}.Release|Any CPU.ActiveCfg = Release|Any CPU
		{DCA36A3A-3198-4199-B4F3-8B0067748B62}.Release|Any CPU.Build.0 = Release|Any CPU
		{B212DA5A-C3E4-4DEB-885B-7B40FA86DD79}.Debug|Any CPU.ActiveCfg = Debug|Any CPU
		{B212DA5A-C3E4-4DEB-885B-7B40FA86DD79}.Debug|Any CPU.Build.0 = Debug|Any CPU
		{B212DA5A-C3E4-4DEB-885B-7B40FA86DD79}.Release|Any CPU.ActiveCfg = Release|Any CPU
		{B212DA5A-C3E4-4DEB-885B-7B40FA86DD79}.Release|Any CPU.Build.0 = Release|Any CPU
		{3D6DD18D-F8BF-42EB-AEB0-A0C84EF55A37}.Debug|Any CPU.ActiveCfg = Debug|Any CPU
		{3D6DD18D-F8BF-42EB-AEB0-A0C84EF55A37}.Debug|Any CPU.Build.0 = Debug|Any CPU
		{3D6DD18D-F8BF-42EB-AEB0-A0C84EF55A37}.Release|Any CPU.ActiveCfg = Release|Any CPU
		{3D6DD18D-F8BF-42EB-AEB0-A0C84EF55A37}.Release|Any CPU.Build.0 = Release|Any CPU
		{AA8E8737-1559-4F34-873C-D585E68216E4}.Debug|Any CPU.ActiveCfg = Debug|Any CPU
		{AA8E8737-1559-4F34-873C-D585E68216E4}.Debug|Any CPU.Build.0 = Debug|Any CPU
		{AA8E8737-1559-4F34-873C-D585E68216E4}.Release|Any CPU.ActiveCfg = Release|Any CPU
		{AA8E8737-1559-4F34-873C-D585E68216E4}.Release|Any CPU.Build.0 = Release|Any CPU
		{39B6C7AC-601D-4E27-91B7-3C9140E1E9B8}.Debug|Any CPU.ActiveCfg = Debug|Any CPU
		{39B6C7AC-601D-4E27-91B7-3C9140E1E9B8}.Debug|Any CPU.Build.0 = Debug|Any CPU
		{39B6C7AC-601D-4E27-91B7-3C9140E1E9B8}.Release|Any CPU.ActiveCfg = Release|Any CPU
		{39B6C7AC-601D-4E27-91B7-3C9140E1E9B8}.Release|Any CPU.Build.0 = Release|Any CPU
		{EF3BCD59-9CCA-4647-A6F6-BED8A3AACFAB}.Debug|Any CPU.ActiveCfg = Debug|Any CPU
		{EF3BCD59-9CCA-4647-A6F6-BED8A3AACFAB}.Debug|Any CPU.Build.0 = Debug|Any CPU
		{EF3BCD59-9CCA-4647-A6F6-BED8A3AACFAB}.Release|Any CPU.ActiveCfg = Release|Any CPU
		{EF3BCD59-9CCA-4647-A6F6-BED8A3AACFAB}.Release|Any CPU.Build.0 = Release|Any CPU
		{2215EA6B-F917-444B-8EA1-9D7BCCBDFCDA}.Debug|Any CPU.ActiveCfg = Debug|Any CPU
		{2215EA6B-F917-444B-8EA1-9D7BCCBDFCDA}.Debug|Any CPU.Build.0 = Debug|Any CPU
		{2215EA6B-F917-444B-8EA1-9D7BCCBDFCDA}.Release|Any CPU.ActiveCfg = Release|Any CPU
		{2215EA6B-F917-444B-8EA1-9D7BCCBDFCDA}.Release|Any CPU.Build.0 = Release|Any CPU
		{EABBD0BD-60BE-4EDB-A81C-4855813D2ADB}.Debug|Any CPU.ActiveCfg = Debug|Any CPU
		{EABBD0BD-60BE-4EDB-A81C-4855813D2ADB}.Debug|Any CPU.Build.0 = Debug|Any CPU
		{EABBD0BD-60BE-4EDB-A81C-4855813D2ADB}.Release|Any CPU.ActiveCfg = Release|Any CPU
		{EABBD0BD-60BE-4EDB-A81C-4855813D2ADB}.Release|Any CPU.Build.0 = Release|Any CPU
		{E2F33F4E-A12F-42CF-8694-DA18122D8234}.Debug|Any CPU.ActiveCfg = Debug|Any CPU
		{E2F33F4E-A12F-42CF-8694-DA18122D8234}.Debug|Any CPU.Build.0 = Debug|Any CPU
		{E2F33F4E-A12F-42CF-8694-DA18122D8234}.Release|Any CPU.ActiveCfg = Release|Any CPU
		{E2F33F4E-A12F-42CF-8694-DA18122D8234}.Release|Any CPU.Build.0 = Release|Any CPU
		{27124D38-6D99-42EE-A4C8-613E020C8619}.Debug|Any CPU.ActiveCfg = Debug|Any CPU
		{27124D38-6D99-42EE-A4C8-613E020C8619}.Debug|Any CPU.Build.0 = Debug|Any CPU
		{27124D38-6D99-42EE-A4C8-613E020C8619}.Release|Any CPU.ActiveCfg = Release|Any CPU
		{27124D38-6D99-42EE-A4C8-613E020C8619}.Release|Any CPU.Build.0 = Release|Any CPU
		{FFC33258-50AC-42D9-84B3-1372F8429C9A}.Debug|Any CPU.ActiveCfg = Debug|Any CPU
		{FFC33258-50AC-42D9-84B3-1372F8429C9A}.Debug|Any CPU.Build.0 = Debug|Any CPU
		{FFC33258-50AC-42D9-84B3-1372F8429C9A}.Release|Any CPU.ActiveCfg = Release|Any CPU
		{FFC33258-50AC-42D9-84B3-1372F8429C9A}.Release|Any CPU.Build.0 = Release|Any CPU
		{C6F0C312-186A-4776-87ED-C62732194A4E}.Debug|Any CPU.ActiveCfg = Debug|Any CPU
		{C6F0C312-186A-4776-87ED-C62732194A4E}.Debug|Any CPU.Build.0 = Debug|Any CPU
		{C6F0C312-186A-4776-87ED-C62732194A4E}.Release|Any CPU.ActiveCfg = Release|Any CPU
		{C6F0C312-186A-4776-87ED-C62732194A4E}.Release|Any CPU.Build.0 = Release|Any CPU
		{FDAAB6B4-6873-4FE0-B59C-5C19C1FE3C05}.Debug|Any CPU.ActiveCfg = Debug|Any CPU
		{FDAAB6B4-6873-4FE0-B59C-5C19C1FE3C05}.Debug|Any CPU.Build.0 = Debug|Any CPU
		{FDAAB6B4-6873-4FE0-B59C-5C19C1FE3C05}.Release|Any CPU.ActiveCfg = Release|Any CPU
		{FDAAB6B4-6873-4FE0-B59C-5C19C1FE3C05}.Release|Any CPU.Build.0 = Release|Any CPU
		{8EE45B98-82B3-4EFF-AA79-5430BB55DEBC}.Debug|Any CPU.ActiveCfg = Debug|Any CPU
		{8EE45B98-82B3-4EFF-AA79-5430BB55DEBC}.Debug|Any CPU.Build.0 = Debug|Any CPU
		{8EE45B98-82B3-4EFF-AA79-5430BB55DEBC}.Release|Any CPU.ActiveCfg = Release|Any CPU
		{8EE45B98-82B3-4EFF-AA79-5430BB55DEBC}.Release|Any CPU.Build.0 = Release|Any CPU
		{1098DFE5-4ED7-4408-8525-FEE587B1C6AA}.Debug|Any CPU.ActiveCfg = Debug|Any CPU
		{1098DFE5-4ED7-4408-8525-FEE587B1C6AA}.Debug|Any CPU.Build.0 = Debug|Any CPU
		{1098DFE5-4ED7-4408-8525-FEE587B1C6AA}.Release|Any CPU.ActiveCfg = Release|Any CPU
		{1098DFE5-4ED7-4408-8525-FEE587B1C6AA}.Release|Any CPU.Build.0 = Release|Any CPU
		{BA725ACC-015A-42F5-B262-1F5254D998E9}.Debug|Any CPU.ActiveCfg = Debug|Any CPU
		{BA725ACC-015A-42F5-B262-1F5254D998E9}.Debug|Any CPU.Build.0 = Debug|Any CPU
		{BA725ACC-015A-42F5-B262-1F5254D998E9}.Release|Any CPU.ActiveCfg = Release|Any CPU
		{BA725ACC-015A-42F5-B262-1F5254D998E9}.Release|Any CPU.Build.0 = Release|Any CPU
		{20B2E7C0-5CCA-4203-B0E6-5DF96D358B5C}.Debug|Any CPU.ActiveCfg = Debug|Any CPU
		{20B2E7C0-5CCA-4203-B0E6-5DF96D358B5C}.Debug|Any CPU.Build.0 = Debug|Any CPU
		{20B2E7C0-5CCA-4203-B0E6-5DF96D358B5C}.Release|Any CPU.ActiveCfg = Release|Any CPU
		{20B2E7C0-5CCA-4203-B0E6-5DF96D358B5C}.Release|Any CPU.Build.0 = Release|Any CPU
		{5E69CB3B-71DA-4DE3-949F-57FDCFCCDD15}.Debug|Any CPU.ActiveCfg = Debug|Any CPU
		{5E69CB3B-71DA-4DE3-949F-57FDCFCCDD15}.Debug|Any CPU.Build.0 = Debug|Any CPU
		{5E69CB3B-71DA-4DE3-949F-57FDCFCCDD15}.Release|Any CPU.ActiveCfg = Release|Any CPU
		{5E69CB3B-71DA-4DE3-949F-57FDCFCCDD15}.Release|Any CPU.Build.0 = Release|Any CPU
		{6BFD0AC5-063F-4ADE-99A1-E9ACFECD8037}.Debug|Any CPU.ActiveCfg = Debug|Any CPU
		{6BFD0AC5-063F-4ADE-99A1-E9ACFECD8037}.Debug|Any CPU.Build.0 = Debug|Any CPU
		{6BFD0AC5-063F-4ADE-99A1-E9ACFECD8037}.Release|Any CPU.ActiveCfg = Release|Any CPU
		{6BFD0AC5-063F-4ADE-99A1-E9ACFECD8037}.Release|Any CPU.Build.0 = Release|Any CPU
		{778224DA-D2B1-4501-BFE9-0479A26858B1}.Debug|Any CPU.ActiveCfg = Debug|Any CPU
		{778224DA-D2B1-4501-BFE9-0479A26858B1}.Debug|Any CPU.Build.0 = Debug|Any CPU
		{778224DA-D2B1-4501-BFE9-0479A26858B1}.Release|Any CPU.ActiveCfg = Release|Any CPU
		{778224DA-D2B1-4501-BFE9-0479A26858B1}.Release|Any CPU.Build.0 = Release|Any CPU
		{5DD2AE3D-CBA5-4071-9763-7525D4D57041}.Debug|Any CPU.ActiveCfg = Debug|Any CPU
		{5DD2AE3D-CBA5-4071-9763-7525D4D57041}.Debug|Any CPU.Build.0 = Debug|Any CPU
		{5DD2AE3D-CBA5-4071-9763-7525D4D57041}.Release|Any CPU.ActiveCfg = Release|Any CPU
		{5DD2AE3D-CBA5-4071-9763-7525D4D57041}.Release|Any CPU.Build.0 = Release|Any CPU
		{8D281AAA-1D80-4A8F-B573-DB9C663865FA}.Debug|Any CPU.ActiveCfg = Debug|Any CPU
		{8D281AAA-1D80-4A8F-B573-DB9C663865FA}.Debug|Any CPU.Build.0 = Debug|Any CPU
		{8D281AAA-1D80-4A8F-B573-DB9C663865FA}.Release|Any CPU.ActiveCfg = Release|Any CPU
		{8D281AAA-1D80-4A8F-B573-DB9C663865FA}.Release|Any CPU.Build.0 = Release|Any CPU
		{FC7B6A1E-D161-46FF-87F3-33709F52FFC0}.Debug|Any CPU.ActiveCfg = Debug|Any CPU
		{FC7B6A1E-D161-46FF-87F3-33709F52FFC0}.Debug|Any CPU.Build.0 = Debug|Any CPU
		{FC7B6A1E-D161-46FF-87F3-33709F52FFC0}.Release|Any CPU.ActiveCfg = Release|Any CPU
		{FC7B6A1E-D161-46FF-87F3-33709F52FFC0}.Release|Any CPU.Build.0 = Release|Any CPU
		{0679A3BD-B1E2-47A2-BA26-809BAF4AB866}.Debug|Any CPU.ActiveCfg = Debug|Any CPU
		{0679A3BD-B1E2-47A2-BA26-809BAF4AB866}.Debug|Any CPU.Build.0 = Debug|Any CPU
		{0679A3BD-B1E2-47A2-BA26-809BAF4AB866}.Release|Any CPU.ActiveCfg = Release|Any CPU
		{0679A3BD-B1E2-47A2-BA26-809BAF4AB866}.Release|Any CPU.Build.0 = Release|Any CPU
		{E009B519-0017-4E22-918C-05C77A0A08AE}.Debug|Any CPU.ActiveCfg = Debug|Any CPU
		{E009B519-0017-4E22-918C-05C77A0A08AE}.Debug|Any CPU.Build.0 = Debug|Any CPU
		{E009B519-0017-4E22-918C-05C77A0A08AE}.Release|Any CPU.ActiveCfg = Release|Any CPU
		{E009B519-0017-4E22-918C-05C77A0A08AE}.Release|Any CPU.Build.0 = Release|Any CPU
		{9C579137-6D85-4300-BE6C-7858BF45097A}.Debug|Any CPU.ActiveCfg = Debug|Any CPU
		{9C579137-6D85-4300-BE6C-7858BF45097A}.Debug|Any CPU.Build.0 = Debug|Any CPU
		{9C579137-6D85-4300-BE6C-7858BF45097A}.Release|Any CPU.ActiveCfg = Release|Any CPU
		{9C579137-6D85-4300-BE6C-7858BF45097A}.Release|Any CPU.Build.0 = Release|Any CPU
		{235AD931-BB88-44C1-829B-720802049C3A}.Debug|Any CPU.ActiveCfg = Debug|Any CPU
		{235AD931-BB88-44C1-829B-720802049C3A}.Debug|Any CPU.Build.0 = Debug|Any CPU
		{235AD931-BB88-44C1-829B-720802049C3A}.Release|Any CPU.ActiveCfg = Release|Any CPU
		{235AD931-BB88-44C1-829B-720802049C3A}.Release|Any CPU.Build.0 = Release|Any CPU
		{969A75E2-F295-4768-A923-240C7C692D8C}.Debug|Any CPU.ActiveCfg = Debug|Any CPU
		{969A75E2-F295-4768-A923-240C7C692D8C}.Debug|Any CPU.Build.0 = Debug|Any CPU
		{969A75E2-F295-4768-A923-240C7C692D8C}.Release|Any CPU.ActiveCfg = Release|Any CPU
		{969A75E2-F295-4768-A923-240C7C692D8C}.Release|Any CPU.Build.0 = Release|Any CPU
		{5901A2C7-4F7B-4396-BFAC-BBA290203FA1}.Debug|Any CPU.ActiveCfg = Debug|Any CPU
		{5901A2C7-4F7B-4396-BFAC-BBA290203FA1}.Debug|Any CPU.Build.0 = Debug|Any CPU
		{5901A2C7-4F7B-4396-BFAC-BBA290203FA1}.Release|Any CPU.ActiveCfg = Release|Any CPU
		{5901A2C7-4F7B-4396-BFAC-BBA290203FA1}.Release|Any CPU.Build.0 = Release|Any CPU
		{6C18F906-C64A-4F06-A247-19AC4DFB98DE}.Debug|Any CPU.ActiveCfg = Debug|Any CPU
		{6C18F906-C64A-4F06-A247-19AC4DFB98DE}.Debug|Any CPU.Build.0 = Debug|Any CPU
		{6C18F906-C64A-4F06-A247-19AC4DFB98DE}.Release|Any CPU.ActiveCfg = Release|Any CPU
		{6C18F906-C64A-4F06-A247-19AC4DFB98DE}.Release|Any CPU.Build.0 = Release|Any CPU
		{D6D50BC5-38F2-45B9-844E-99776C838E92}.Debug|Any CPU.ActiveCfg = Debug|Any CPU
		{D6D50BC5-38F2-45B9-844E-99776C838E92}.Debug|Any CPU.Build.0 = Debug|Any CPU
		{D6D50BC5-38F2-45B9-844E-99776C838E92}.Release|Any CPU.ActiveCfg = Release|Any CPU
		{D6D50BC5-38F2-45B9-844E-99776C838E92}.Release|Any CPU.Build.0 = Release|Any CPU
		{5DB72352-4828-4089-A055-9A6160288CA6}.Debug|Any CPU.ActiveCfg = Debug|Any CPU
		{5DB72352-4828-4089-A055-9A6160288CA6}.Debug|Any CPU.Build.0 = Debug|Any CPU
		{5DB72352-4828-4089-A055-9A6160288CA6}.Release|Any CPU.ActiveCfg = Release|Any CPU
		{5DB72352-4828-4089-A055-9A6160288CA6}.Release|Any CPU.Build.0 = Release|Any CPU
		{16FC89AC-FCD1-4F1A-92DF-B44DE824118A}.Debug|Any CPU.ActiveCfg = Debug|Any CPU
		{16FC89AC-FCD1-4F1A-92DF-B44DE824118A}.Debug|Any CPU.Build.0 = Debug|Any CPU
		{16FC89AC-FCD1-4F1A-92DF-B44DE824118A}.Release|Any CPU.ActiveCfg = Release|Any CPU
		{16FC89AC-FCD1-4F1A-92DF-B44DE824118A}.Release|Any CPU.Build.0 = Release|Any CPU
		{EEAC5554-3308-40B1-9255-84CC646B20F3}.Debug|Any CPU.ActiveCfg = Debug|Any CPU
		{EEAC5554-3308-40B1-9255-84CC646B20F3}.Debug|Any CPU.Build.0 = Debug|Any CPU
		{EEAC5554-3308-40B1-9255-84CC646B20F3}.Release|Any CPU.ActiveCfg = Release|Any CPU
		{EEAC5554-3308-40B1-9255-84CC646B20F3}.Release|Any CPU.Build.0 = Release|Any CPU
	EndGlobalSection
	GlobalSection(SolutionProperties) = preSolution
		HideSolutionNode = FALSE
	EndGlobalSection
	GlobalSection(ExtensibilityGlobals) = postSolution
		SolutionGuid = {D1791BCB-3129-4E19-AE4F-4FB864317AAF}
	EndGlobalSection
EndGlobal
